
Microsoft Visual Studio Solution File, Format Version 12.00
# Visual Studio Version 16
VisualStudioVersion = 16.0.30413.136
MinimumVisualStudioVersion = 10.0.40219.1
Project("{9A19103F-16F7-4668-BE54-9A1E7A4F7556}") = "Excellence.Ims.WebApp", "Excellence.Ims.WebApp\Excellence.Ims.WebApp.csproj", "{1D33DF1E-E206-4A19-BD22-DC259E400B7E}"
	ProjectSection(ProjectDependencies) = postProject
		{A233DBAB-991C-4726-BAEE-3E3E6A4A2996} = {A233DBAB-991C-4726-BAEE-3E3E6A4A2996}
	EndProjectSection
EndProject
Project("{9A19103F-16F7-4668-BE54-9A1E7A4F7556}") = "Excellence.Ims.Test", "Excellence.Ims.Test\Excellence.Ims.Test.csproj", "{148B52DA-3B4A-4604-BC50-01CA79284E99}"
	ProjectSection(ProjectDependencies) = postProject
		{A233DBAB-991C-4726-BAEE-3E3E6A4A2996} = {A233DBAB-991C-4726-BAEE-3E3E6A4A2996}
	EndProjectSection
EndProject
Project("{FAE04EC0-301F-11D3-BF4B-00C04F79EFBC}") = "Excellence.Ims.UwpApp", "Excellence.Ims.UwpApp\Excellence.Ims.UwpApp.csproj", "{4EE08D17-D1F4-4972-A90B-B0606E9211C4}"
EndProject
Project("{9A19103F-16F7-4668-BE54-9A1E7A4F7556}") = "Excellence.Ims.DataAccess", "Excellence.Ims.DataAccess\Excellence.Ims.DataAccess.csproj", "{8D35BDFF-2B8C-4CFC-877D-C3D30ACFB778}"
EndProject
Project("{9A19103F-16F7-4668-BE54-9A1E7A4F7556}") = "Excellence.Ims.BusinessLogic", "Excellence.Ims.BusinessLogic\Excellence.Ims.BusinessLogic.csproj", "{A233DBAB-991C-4726-BAEE-3E3E6A4A2996}"
	ProjectSection(ProjectDependencies) = postProject
		{8D35BDFF-2B8C-4CFC-877D-C3D30ACFB778} = {8D35BDFF-2B8C-4CFC-877D-C3D30ACFB778}
	EndProjectSection
EndProject
Project("{00D1A9C2-B5F0-4AF3-8072-F6C62B433612}") = "Excellence.Ims.Database", "Excellence.Ims.Database\Excellence.Ims.Database.sqlproj", "{386CFE72-F0B8-460C-9B6E-ADB3D6241CAB}"
EndProject
Project("{9A19103F-16F7-4668-BE54-9A1E7A4F7556}") = "Excellence.Ims.Console", "Excellence.Ims.Console\Excellence.Ims.Console.csproj", "{C5668418-B388-469A-B355-8000A82038D9}"
EndProject
Project("{9A19103F-16F7-4668-BE54-9A1E7A4F7556}") = "Excellence.Ims.Web", "Excellence.Ims.Web\Excellence.Ims.Web.csproj", "{B5FEF03C-8423-4CD5-9C8B-AA5904E67DC5}"
EndProject
Project("{9A19103F-16F7-4668-BE54-9A1E7A4F7556}") = "Excellence.Ims", "Excellence.Ims\Excellence.Ims.csproj", "{7882AC8B-DCC1-4A8B-BE5B-8A95CAFF9F69}"
EndProject
Project("{FAE04EC0-301F-11D3-BF4B-00C04F79EFBC}") = "Excellence.Ims.Main", "Excellence.Ims.Main\Excellence.Ims.Main.csproj", "{DD149D75-24B1-4A49-BF5D-8E162E1B4EC6}"
EndProject
Global
	GlobalSection(SolutionConfigurationPlatforms) = preSolution
		Debug|Any CPU = Debug|Any CPU
		Debug|ARM = Debug|ARM
		Debug|ARM64 = Debug|ARM64
		Debug|x64 = Debug|x64
		Debug|x86 = Debug|x86
		Release|Any CPU = Release|Any CPU
		Release|ARM = Release|ARM
		Release|ARM64 = Release|ARM64
		Release|x64 = Release|x64
		Release|x86 = Release|x86
	EndGlobalSection
	GlobalSection(ProjectConfigurationPlatforms) = postSolution
		{1D33DF1E-E206-4A19-BD22-DC259E400B7E}.Debug|Any CPU.ActiveCfg = Debug|Any CPU
		{1D33DF1E-E206-4A19-BD22-DC259E400B7E}.Debug|Any CPU.Build.0 = Debug|Any CPU
		{1D33DF1E-E206-4A19-BD22-DC259E400B7E}.Debug|ARM.ActiveCfg = Debug|Any CPU
		{1D33DF1E-E206-4A19-BD22-DC259E400B7E}.Debug|ARM.Build.0 = Debug|Any CPU
		{1D33DF1E-E206-4A19-BD22-DC259E400B7E}.Debug|ARM64.ActiveCfg = Debug|Any CPU
		{1D33DF1E-E206-4A19-BD22-DC259E400B7E}.Debug|ARM64.Build.0 = Debug|Any CPU
		{1D33DF1E-E206-4A19-BD22-DC259E400B7E}.Debug|x64.ActiveCfg = Debug|Any CPU
		{1D33DF1E-E206-4A19-BD22-DC259E400B7E}.Debug|x64.Build.0 = Debug|Any CPU
		{1D33DF1E-E206-4A19-BD22-DC259E400B7E}.Debug|x86.ActiveCfg = Debug|Any CPU
		{1D33DF1E-E206-4A19-BD22-DC259E400B7E}.Debug|x86.Build.0 = Debug|Any CPU
		{1D33DF1E-E206-4A19-BD22-DC259E400B7E}.Release|Any CPU.ActiveCfg = Release|Any CPU
		{1D33DF1E-E206-4A19-BD22-DC259E400B7E}.Release|Any CPU.Build.0 = Release|Any CPU
		{1D33DF1E-E206-4A19-BD22-DC259E400B7E}.Release|ARM.ActiveCfg = Release|Any CPU
		{1D33DF1E-E206-4A19-BD22-DC259E400B7E}.Release|ARM.Build.0 = Release|Any CPU
		{1D33DF1E-E206-4A19-BD22-DC259E400B7E}.Release|ARM64.ActiveCfg = Release|Any CPU
		{1D33DF1E-E206-4A19-BD22-DC259E400B7E}.Release|ARM64.Build.0 = Release|Any CPU
		{1D33DF1E-E206-4A19-BD22-DC259E400B7E}.Release|x64.ActiveCfg = Release|Any CPU
		{1D33DF1E-E206-4A19-BD22-DC259E400B7E}.Release|x64.Build.0 = Release|Any CPU
		{1D33DF1E-E206-4A19-BD22-DC259E400B7E}.Release|x86.ActiveCfg = Release|Any CPU
		{1D33DF1E-E206-4A19-BD22-DC259E400B7E}.Release|x86.Build.0 = Release|Any CPU
		{148B52DA-3B4A-4604-BC50-01CA79284E99}.Debug|Any CPU.ActiveCfg = Debug|Any CPU
		{148B52DA-3B4A-4604-BC50-01CA79284E99}.Debug|Any CPU.Build.0 = Debug|Any CPU
		{148B52DA-3B4A-4604-BC50-01CA79284E99}.Debug|ARM.ActiveCfg = Debug|Any CPU
		{148B52DA-3B4A-4604-BC50-01CA79284E99}.Debug|ARM.Build.0 = Debug|Any CPU
		{148B52DA-3B4A-4604-BC50-01CA79284E99}.Debug|ARM64.ActiveCfg = Debug|Any CPU
		{148B52DA-3B4A-4604-BC50-01CA79284E99}.Debug|ARM64.Build.0 = Debug|Any CPU
		{148B52DA-3B4A-4604-BC50-01CA79284E99}.Debug|x64.ActiveCfg = Debug|Any CPU
		{148B52DA-3B4A-4604-BC50-01CA79284E99}.Debug|x64.Build.0 = Debug|Any CPU
		{148B52DA-3B4A-4604-BC50-01CA79284E99}.Debug|x86.ActiveCfg = Debug|Any CPU
		{148B52DA-3B4A-4604-BC50-01CA79284E99}.Debug|x86.Build.0 = Debug|Any CPU
		{148B52DA-3B4A-4604-BC50-01CA79284E99}.Release|Any CPU.ActiveCfg = Release|Any CPU
		{148B52DA-3B4A-4604-BC50-01CA79284E99}.Release|Any CPU.Build.0 = Release|Any CPU
		{148B52DA-3B4A-4604-BC50-01CA79284E99}.Release|ARM.ActiveCfg = Release|Any CPU
		{148B52DA-3B4A-4604-BC50-01CA79284E99}.Release|ARM.Build.0 = Release|Any CPU
		{148B52DA-3B4A-4604-BC50-01CA79284E99}.Release|ARM64.ActiveCfg = Release|Any CPU
		{148B52DA-3B4A-4604-BC50-01CA79284E99}.Release|ARM64.Build.0 = Release|Any CPU
		{148B52DA-3B4A-4604-BC50-01CA79284E99}.Release|x64.ActiveCfg = Release|Any CPU
		{148B52DA-3B4A-4604-BC50-01CA79284E99}.Release|x64.Build.0 = Release|Any CPU
		{148B52DA-3B4A-4604-BC50-01CA79284E99}.Release|x86.ActiveCfg = Release|Any CPU
		{148B52DA-3B4A-4604-BC50-01CA79284E99}.Release|x86.Build.0 = Release|Any CPU
		{4EE08D17-D1F4-4972-A90B-B0606E9211C4}.Debug|Any CPU.ActiveCfg = Debug|x86
		{4EE08D17-D1F4-4972-A90B-B0606E9211C4}.Debug|ARM.ActiveCfg = Debug|ARM
		{4EE08D17-D1F4-4972-A90B-B0606E9211C4}.Debug|ARM.Build.0 = Debug|ARM
		{4EE08D17-D1F4-4972-A90B-B0606E9211C4}.Debug|ARM.Deploy.0 = Debug|ARM
		{4EE08D17-D1F4-4972-A90B-B0606E9211C4}.Debug|ARM64.ActiveCfg = Debug|ARM64
		{4EE08D17-D1F4-4972-A90B-B0606E9211C4}.Debug|ARM64.Build.0 = Debug|ARM64
		{4EE08D17-D1F4-4972-A90B-B0606E9211C4}.Debug|ARM64.Deploy.0 = Debug|ARM64
		{4EE08D17-D1F4-4972-A90B-B0606E9211C4}.Debug|x64.ActiveCfg = Debug|x64
		{4EE08D17-D1F4-4972-A90B-B0606E9211C4}.Debug|x64.Build.0 = Debug|x64
		{4EE08D17-D1F4-4972-A90B-B0606E9211C4}.Debug|x64.Deploy.0 = Debug|x64
		{4EE08D17-D1F4-4972-A90B-B0606E9211C4}.Debug|x86.ActiveCfg = Debug|x86
		{4EE08D17-D1F4-4972-A90B-B0606E9211C4}.Debug|x86.Build.0 = Debug|x86
		{4EE08D17-D1F4-4972-A90B-B0606E9211C4}.Debug|x86.Deploy.0 = Debug|x86
		{4EE08D17-D1F4-4972-A90B-B0606E9211C4}.Release|Any CPU.ActiveCfg = Release|x86
		{4EE08D17-D1F4-4972-A90B-B0606E9211C4}.Release|ARM.ActiveCfg = Release|ARM
		{4EE08D17-D1F4-4972-A90B-B0606E9211C4}.Release|ARM.Build.0 = Release|ARM
		{4EE08D17-D1F4-4972-A90B-B0606E9211C4}.Release|ARM.Deploy.0 = Release|ARM
		{4EE08D17-D1F4-4972-A90B-B0606E9211C4}.Release|ARM64.ActiveCfg = Release|ARM64
		{4EE08D17-D1F4-4972-A90B-B0606E9211C4}.Release|ARM64.Build.0 = Release|ARM64
		{4EE08D17-D1F4-4972-A90B-B0606E9211C4}.Release|ARM64.Deploy.0 = Release|ARM64
		{4EE08D17-D1F4-4972-A90B-B0606E9211C4}.Release|x64.ActiveCfg = Release|x64
		{4EE08D17-D1F4-4972-A90B-B0606E9211C4}.Release|x64.Build.0 = Release|x64
		{4EE08D17-D1F4-4972-A90B-B0606E9211C4}.Release|x64.Deploy.0 = Release|x64
		{4EE08D17-D1F4-4972-A90B-B0606E9211C4}.Release|x86.ActiveCfg = Release|x86
		{4EE08D17-D1F4-4972-A90B-B0606E9211C4}.Release|x86.Build.0 = Release|x86
		{4EE08D17-D1F4-4972-A90B-B0606E9211C4}.Release|x86.Deploy.0 = Release|x86
		{8D35BDFF-2B8C-4CFC-877D-C3D30ACFB778}.Debug|Any CPU.ActiveCfg = Debug|Any CPU
		{8D35BDFF-2B8C-4CFC-877D-C3D30ACFB778}.Debug|Any CPU.Build.0 = Debug|Any CPU
		{8D35BDFF-2B8C-4CFC-877D-C3D30ACFB778}.Debug|ARM.ActiveCfg = Debug|Any CPU
		{8D35BDFF-2B8C-4CFC-877D-C3D30ACFB778}.Debug|ARM.Build.0 = Debug|Any CPU
		{8D35BDFF-2B8C-4CFC-877D-C3D30ACFB778}.Debug|ARM64.ActiveCfg = Debug|Any CPU
		{8D35BDFF-2B8C-4CFC-877D-C3D30ACFB778}.Debug|ARM64.Build.0 = Debug|Any CPU
		{8D35BDFF-2B8C-4CFC-877D-C3D30ACFB778}.Debug|x64.ActiveCfg = Debug|Any CPU
		{8D35BDFF-2B8C-4CFC-877D-C3D30ACFB778}.Debug|x64.Build.0 = Debug|Any CPU
		{8D35BDFF-2B8C-4CFC-877D-C3D30ACFB778}.Debug|x86.ActiveCfg = Debug|Any CPU
		{8D35BDFF-2B8C-4CFC-877D-C3D30ACFB778}.Debug|x86.Build.0 = Debug|Any CPU
		{8D35BDFF-2B8C-4CFC-877D-C3D30ACFB778}.Release|Any CPU.ActiveCfg = Release|Any CPU
		{8D35BDFF-2B8C-4CFC-877D-C3D30ACFB778}.Release|Any CPU.Build.0 = Release|Any CPU
		{8D35BDFF-2B8C-4CFC-877D-C3D30ACFB778}.Release|ARM.ActiveCfg = Release|Any CPU
		{8D35BDFF-2B8C-4CFC-877D-C3D30ACFB778}.Release|ARM.Build.0 = Release|Any CPU
		{8D35BDFF-2B8C-4CFC-877D-C3D30ACFB778}.Release|ARM64.ActiveCfg = Release|Any CPU
		{8D35BDFF-2B8C-4CFC-877D-C3D30ACFB778}.Release|ARM64.Build.0 = Release|Any CPU
		{8D35BDFF-2B8C-4CFC-877D-C3D30ACFB778}.Release|x64.ActiveCfg = Release|Any CPU
		{8D35BDFF-2B8C-4CFC-877D-C3D30ACFB778}.Release|x64.Build.0 = Release|Any CPU
		{8D35BDFF-2B8C-4CFC-877D-C3D30ACFB778}.Release|x86.ActiveCfg = Release|Any CPU
		{8D35BDFF-2B8C-4CFC-877D-C3D30ACFB778}.Release|x86.Build.0 = Release|Any CPU
		{A233DBAB-991C-4726-BAEE-3E3E6A4A2996}.Debug|Any CPU.ActiveCfg = Debug|Any CPU
		{A233DBAB-991C-4726-BAEE-3E3E6A4A2996}.Debug|Any CPU.Build.0 = Debug|Any CPU
		{A233DBAB-991C-4726-BAEE-3E3E6A4A2996}.Debug|ARM.ActiveCfg = Debug|Any CPU
		{A233DBAB-991C-4726-BAEE-3E3E6A4A2996}.Debug|ARM.Build.0 = Debug|Any CPU
		{A233DBAB-991C-4726-BAEE-3E3E6A4A2996}.Debug|ARM64.ActiveCfg = Debug|Any CPU
		{A233DBAB-991C-4726-BAEE-3E3E6A4A2996}.Debug|ARM64.Build.0 = Debug|Any CPU
		{A233DBAB-991C-4726-BAEE-3E3E6A4A2996}.Debug|x64.ActiveCfg = Debug|Any CPU
		{A233DBAB-991C-4726-BAEE-3E3E6A4A2996}.Debug|x64.Build.0 = Debug|Any CPU
		{A233DBAB-991C-4726-BAEE-3E3E6A4A2996}.Debug|x86.ActiveCfg = Debug|Any CPU
		{A233DBAB-991C-4726-BAEE-3E3E6A4A2996}.Debug|x86.Build.0 = Debug|Any CPU
		{A233DBAB-991C-4726-BAEE-3E3E6A4A2996}.Release|Any CPU.ActiveCfg = Release|Any CPU
		{A233DBAB-991C-4726-BAEE-3E3E6A4A2996}.Release|Any CPU.Build.0 = Release|Any CPU
		{A233DBAB-991C-4726-BAEE-3E3E6A4A2996}.Release|ARM.ActiveCfg = Release|Any CPU
		{A233DBAB-991C-4726-BAEE-3E3E6A4A2996}.Release|ARM.Build.0 = Release|Any CPU
		{A233DBAB-991C-4726-BAEE-3E3E6A4A2996}.Release|ARM64.ActiveCfg = Release|Any CPU
		{A233DBAB-991C-4726-BAEE-3E3E6A4A2996}.Release|ARM64.Build.0 = Release|Any CPU
		{A233DBAB-991C-4726-BAEE-3E3E6A4A2996}.Release|x64.ActiveCfg = Release|Any CPU
		{A233DBAB-991C-4726-BAEE-3E3E6A4A2996}.Release|x64.Build.0 = Release|Any CPU
		{A233DBAB-991C-4726-BAEE-3E3E6A4A2996}.Release|x86.ActiveCfg = Release|Any CPU
		{A233DBAB-991C-4726-BAEE-3E3E6A4A2996}.Release|x86.Build.0 = Release|Any CPU
		{386CFE72-F0B8-460C-9B6E-ADB3D6241CAB}.Debug|Any CPU.ActiveCfg = Debug|Any CPU
		{386CFE72-F0B8-460C-9B6E-ADB3D6241CAB}.Debug|Any CPU.Build.0 = Debug|Any CPU
		{386CFE72-F0B8-460C-9B6E-ADB3D6241CAB}.Debug|Any CPU.Deploy.0 = Debug|Any CPU
		{386CFE72-F0B8-460C-9B6E-ADB3D6241CAB}.Debug|ARM.ActiveCfg = Debug|Any CPU
		{386CFE72-F0B8-460C-9B6E-ADB3D6241CAB}.Debug|ARM.Build.0 = Debug|Any CPU
		{386CFE72-F0B8-460C-9B6E-ADB3D6241CAB}.Debug|ARM.Deploy.0 = Debug|Any CPU
		{386CFE72-F0B8-460C-9B6E-ADB3D6241CAB}.Debug|ARM64.ActiveCfg = Debug|Any CPU
		{386CFE72-F0B8-460C-9B6E-ADB3D6241CAB}.Debug|ARM64.Build.0 = Debug|Any CPU
		{386CFE72-F0B8-460C-9B6E-ADB3D6241CAB}.Debug|ARM64.Deploy.0 = Debug|Any CPU
		{386CFE72-F0B8-460C-9B6E-ADB3D6241CAB}.Debug|x64.ActiveCfg = Debug|Any CPU
		{386CFE72-F0B8-460C-9B6E-ADB3D6241CAB}.Debug|x64.Build.0 = Debug|Any CPU
		{386CFE72-F0B8-460C-9B6E-ADB3D6241CAB}.Debug|x64.Deploy.0 = Debug|Any CPU
		{386CFE72-F0B8-460C-9B6E-ADB3D6241CAB}.Debug|x86.ActiveCfg = Debug|Any CPU
		{386CFE72-F0B8-460C-9B6E-ADB3D6241CAB}.Debug|x86.Build.0 = Debug|Any CPU
		{386CFE72-F0B8-460C-9B6E-ADB3D6241CAB}.Debug|x86.Deploy.0 = Debug|Any CPU
		{386CFE72-F0B8-460C-9B6E-ADB3D6241CAB}.Release|Any CPU.ActiveCfg = Release|Any CPU
		{386CFE72-F0B8-460C-9B6E-ADB3D6241CAB}.Release|Any CPU.Build.0 = Release|Any CPU
		{386CFE72-F0B8-460C-9B6E-ADB3D6241CAB}.Release|Any CPU.Deploy.0 = Release|Any CPU
		{386CFE72-F0B8-460C-9B6E-ADB3D6241CAB}.Release|ARM.ActiveCfg = Release|Any CPU
		{386CFE72-F0B8-460C-9B6E-ADB3D6241CAB}.Release|ARM.Build.0 = Release|Any CPU
		{386CFE72-F0B8-460C-9B6E-ADB3D6241CAB}.Release|ARM.Deploy.0 = Release|Any CPU
		{386CFE72-F0B8-460C-9B6E-ADB3D6241CAB}.Release|ARM64.ActiveCfg = Release|Any CPU
		{386CFE72-F0B8-460C-9B6E-ADB3D6241CAB}.Release|ARM64.Build.0 = Release|Any CPU
		{386CFE72-F0B8-460C-9B6E-ADB3D6241CAB}.Release|ARM64.Deploy.0 = Release|Any CPU
		{386CFE72-F0B8-460C-9B6E-ADB3D6241CAB}.Release|x64.ActiveCfg = Release|Any CPU
		{386CFE72-F0B8-460C-9B6E-ADB3D6241CAB}.Release|x64.Build.0 = Release|Any CPU
		{386CFE72-F0B8-460C-9B6E-ADB3D6241CAB}.Release|x64.Deploy.0 = Release|Any CPU
		{386CFE72-F0B8-460C-9B6E-ADB3D6241CAB}.Release|x86.ActiveCfg = Release|Any CPU
		{386CFE72-F0B8-460C-9B6E-ADB3D6241CAB}.Release|x86.Build.0 = Release|Any CPU
		{386CFE72-F0B8-460C-9B6E-ADB3D6241CAB}.Release|x86.Deploy.0 = Release|Any CPU
		{C5668418-B388-469A-B355-8000A82038D9}.Debug|Any CPU.ActiveCfg = Debug|Any CPU
		{C5668418-B388-469A-B355-8000A82038D9}.Debug|Any CPU.Build.0 = Debug|Any CPU
		{C5668418-B388-469A-B355-8000A82038D9}.Debug|ARM.ActiveCfg = Debug|Any CPU
		{C5668418-B388-469A-B355-8000A82038D9}.Debug|ARM.Build.0 = Debug|Any CPU
		{C5668418-B388-469A-B355-8000A82038D9}.Debug|ARM64.ActiveCfg = Debug|Any CPU
		{C5668418-B388-469A-B355-8000A82038D9}.Debug|ARM64.Build.0 = Debug|Any CPU
		{C5668418-B388-469A-B355-8000A82038D9}.Debug|x64.ActiveCfg = Debug|Any CPU
		{C5668418-B388-469A-B355-8000A82038D9}.Debug|x64.Build.0 = Debug|Any CPU
		{C5668418-B388-469A-B355-8000A82038D9}.Debug|x86.ActiveCfg = Debug|Any CPU
		{C5668418-B388-469A-B355-8000A82038D9}.Debug|x86.Build.0 = Debug|Any CPU
		{C5668418-B388-469A-B355-8000A82038D9}.Release|Any CPU.ActiveCfg = Release|Any CPU
		{C5668418-B388-469A-B355-8000A82038D9}.Release|Any CPU.Build.0 = Release|Any CPU
		{C5668418-B388-469A-B355-8000A82038D9}.Release|ARM.ActiveCfg = Release|Any CPU
		{C5668418-B388-469A-B355-8000A82038D9}.Release|ARM.Build.0 = Release|Any CPU
		{C5668418-B388-469A-B355-8000A82038D9}.Release|ARM64.ActiveCfg = Release|Any CPU
		{C5668418-B388-469A-B355-8000A82038D9}.Release|ARM64.Build.0 = Release|Any CPU
		{C5668418-B388-469A-B355-8000A82038D9}.Release|x64.ActiveCfg = Release|Any CPU
		{C5668418-B388-469A-B355-8000A82038D9}.Release|x64.Build.0 = Release|Any CPU
		{C5668418-B388-469A-B355-8000A82038D9}.Release|x86.ActiveCfg = Release|Any CPU
		{C5668418-B388-469A-B355-8000A82038D9}.Release|x86.Build.0 = Release|Any CPU
		{B5FEF03C-8423-4CD5-9C8B-AA5904E67DC5}.Debug|Any CPU.ActiveCfg = Debug|Any CPU
		{B5FEF03C-8423-4CD5-9C8B-AA5904E67DC5}.Debug|Any CPU.Build.0 = Debug|Any CPU
		{B5FEF03C-8423-4CD5-9C8B-AA5904E67DC5}.Debug|ARM.ActiveCfg = Debug|Any CPU
		{B5FEF03C-8423-4CD5-9C8B-AA5904E67DC5}.Debug|ARM.Build.0 = Debug|Any CPU
		{B5FEF03C-8423-4CD5-9C8B-AA5904E67DC5}.Debug|ARM64.ActiveCfg = Debug|Any CPU
		{B5FEF03C-8423-4CD5-9C8B-AA5904E67DC5}.Debug|ARM64.Build.0 = Debug|Any CPU
		{B5FEF03C-8423-4CD5-9C8B-AA5904E67DC5}.Debug|x64.ActiveCfg = Debug|Any CPU
		{B5FEF03C-8423-4CD5-9C8B-AA5904E67DC5}.Debug|x64.Build.0 = Debug|Any CPU
		{B5FEF03C-8423-4CD5-9C8B-AA5904E67DC5}.Debug|x86.ActiveCfg = Debug|Any CPU
		{B5FEF03C-8423-4CD5-9C8B-AA5904E67DC5}.Debug|x86.Build.0 = Debug|Any CPU
		{B5FEF03C-8423-4CD5-9C8B-AA5904E67DC5}.Release|Any CPU.ActiveCfg = Release|Any CPU
		{B5FEF03C-8423-4CD5-9C8B-AA5904E67DC5}.Release|Any CPU.Build.0 = Release|Any CPU
		{B5FEF03C-8423-4CD5-9C8B-AA5904E67DC5}.Release|ARM.ActiveCfg = Release|Any CPU
		{B5FEF03C-8423-4CD5-9C8B-AA5904E67DC5}.Release|ARM.Build.0 = Release|Any CPU
		{B5FEF03C-8423-4CD5-9C8B-AA5904E67DC5}.Release|ARM64.ActiveCfg = Release|Any CPU
		{B5FEF03C-8423-4CD5-9C8B-AA5904E67DC5}.Release|ARM64.Build.0 = Release|Any CPU
		{B5FEF03C-8423-4CD5-9C8B-AA5904E67DC5}.Release|x64.ActiveCfg = Release|Any CPU
		{B5FEF03C-8423-4CD5-9C8B-AA5904E67DC5}.Release|x64.Build.0 = Release|Any CPU
		{B5FEF03C-8423-4CD5-9C8B-AA5904E67DC5}.Release|x86.ActiveCfg = Release|Any CPU
		{B5FEF03C-8423-4CD5-9C8B-AA5904E67DC5}.Release|x86.Build.0 = Release|Any CPU
		{7882AC8B-DCC1-4A8B-BE5B-8A95CAFF9F69}.Debug|Any CPU.ActiveCfg = Debug|Any CPU
		{7882AC8B-DCC1-4A8B-BE5B-8A95CAFF9F69}.Debug|Any CPU.Build.0 = Debug|Any CPU
		{7882AC8B-DCC1-4A8B-BE5B-8A95CAFF9F69}.Debug|ARM.ActiveCfg = Debug|Any CPU
		{7882AC8B-DCC1-4A8B-BE5B-8A95CAFF9F69}.Debug|ARM.Build.0 = Debug|Any CPU
		{7882AC8B-DCC1-4A8B-BE5B-8A95CAFF9F69}.Debug|ARM64.ActiveCfg = Debug|Any CPU
		{7882AC8B-DCC1-4A8B-BE5B-8A95CAFF9F69}.Debug|ARM64.Build.0 = Debug|Any CPU
		{7882AC8B-DCC1-4A8B-BE5B-8A95CAFF9F69}.Debug|x64.ActiveCfg = Debug|Any CPU
		{7882AC8B-DCC1-4A8B-BE5B-8A95CAFF9F69}.Debug|x64.Build.0 = Debug|Any CPU
		{7882AC8B-DCC1-4A8B-BE5B-8A95CAFF9F69}.Debug|x86.ActiveCfg = Debug|Any CPU
		{7882AC8B-DCC1-4A8B-BE5B-8A95CAFF9F69}.Debug|x86.Build.0 = Debug|Any CPU
		{7882AC8B-DCC1-4A8B-BE5B-8A95CAFF9F69}.Release|Any CPU.ActiveCfg = Release|Any CPU
		{7882AC8B-DCC1-4A8B-BE5B-8A95CAFF9F69}.Release|Any CPU.Build.0 = Release|Any CPU
		{7882AC8B-DCC1-4A8B-BE5B-8A95CAFF9F69}.Release|ARM.ActiveCfg = Release|Any CPU
		{7882AC8B-DCC1-4A8B-BE5B-8A95CAFF9F69}.Release|ARM.Build.0 = Release|Any CPU
		{7882AC8B-DCC1-4A8B-BE5B-8A95CAFF9F69}.Release|ARM64.ActiveCfg = Release|Any CPU
		{7882AC8B-DCC1-4A8B-BE5B-8A95CAFF9F69}.Release|ARM64.Build.0 = Release|Any CPU
		{7882AC8B-DCC1-4A8B-BE5B-8A95CAFF9F69}.Release|x64.ActiveCfg = Release|Any CPU
		{7882AC8B-DCC1-4A8B-BE5B-8A95CAFF9F69}.Release|x64.Build.0 = Release|Any CPU
		{7882AC8B-DCC1-4A8B-BE5B-8A95CAFF9F69}.Release|x86.ActiveCfg = Release|Any CPU
		{7882AC8B-DCC1-4A8B-BE5B-8A95CAFF9F69}.Release|x86.Build.0 = Release|Any CPU
		{DD149D75-24B1-4A49-BF5D-8E162E1B4EC6}.Debug|Any CPU.ActiveCfg = Debug|Any CPU
		{DD149D75-24B1-4A49-BF5D-8E162E1B4EC6}.Debug|Any CPU.Build.0 = Debug|Any CPU
		{DD149D75-24B1-4A49-BF5D-8E162E1B4EC6}.Debug|ARM.ActiveCfg = Debug|Any CPU
		{DD149D75-24B1-4A49-BF5D-8E162E1B4EC6}.Debug|ARM.Build.0 = Debug|Any CPU
		{DD149D75-24B1-4A49-BF5D-8E162E1B4EC6}.Debug|ARM64.ActiveCfg = Debug|Any CPU
		{DD149D75-24B1-4A49-BF5D-8E162E1B4EC6}.Debug|ARM64.Build.0 = Debug|Any CPU
		{DD149D75-24B1-4A49-BF5D-8E162E1B4EC6}.Debug|x64.ActiveCfg = Debug|Any CPU
		{DD149D75-24B1-4A49-BF5D-8E162E1B4EC6}.Debug|x64.Build.0 = Debug|Any CPU
		{DD149D75-24B1-4A49-BF5D-8E162E1B4EC6}.Debug|x86.ActiveCfg = Debug|Any CPU
		{DD149D75-24B1-4A49-BF5D-8E162E1B4EC6}.Debug|x86.Build.0 = Debug|Any CPU
		{DD149D75-24B1-4A49-BF5D-8E162E1B4EC6}.Release|Any CPU.ActiveCfg = Release|Any CPU
		{DD149D75-24B1-4A49-BF5D-8E162E1B4EC6}.Release|Any CPU.Build.0 = Release|Any CPU
		{DD149D75-24B1-4A49-BF5D-8E162E1B4EC6}.Release|ARM.ActiveCfg = Release|Any CPU
		{DD149D75-24B1-4A49-BF5D-8E162E1B4EC6}.Release|ARM.Build.0 = Release|Any CPU
		{DD149D75-24B1-4A49-BF5D-8E162E1B4EC6}.Release|ARM64.ActiveCfg = Release|Any CPU
		{DD149D75-24B1-4A49-BF5D-8E162E1B4EC6}.Release|ARM64.Build.0 = Release|Any CPU
		{DD149D75-24B1-4A49-BF5D-8E162E1B4EC6}.Release|x64.ActiveCfg = Release|Any CPU
		{DD149D75-24B1-4A49-BF5D-8E162E1B4EC6}.Release|x64.Build.0 = Release|Any CPU
		{DD149D75-24B1-4A49-BF5D-8E162E1B4EC6}.Release|x86.ActiveCfg = Release|Any CPU
		{DD149D75-24B1-4A49-BF5D-8E162E1B4EC6}.Release|x86.Build.0 = Release|Any CPU
	EndGlobalSection
	GlobalSection(SolutionProperties) = preSolution
		HideSolutionNode = FALSE
	EndGlobalSection
	GlobalSection(ExtensibilityGlobals) = postSolution
		SolutionGuid = {5945AAE3-B2D5-43EA-AF1E-FF62076BB088}
	EndGlobalSection
EndGlobal
